
Microsoft Visual Studio Solution File, Format Version 12.00
# Visual Studio Version 17
VisualStudioVersion = 17.9.34616.47
MinimumVisualStudioVersion = 10.0.40219.1
Project("{FAE04EC0-301F-11D3-BF4B-00C04F79EFBC}") = "PatientPortalSystem", "PatientPortalSystem\PatientPortalSystem.csproj", "{03DDE581-23D1-41AE-BFF7-344E004BA298}"
EndProject
Global
	GlobalSection(SolutionConfigurationPlatforms) = preSolution
		Debug|Any CPU = Debug|Any CPU
		Release|Any CPU = Release|Any CPU
	EndGlobalSection
	GlobalSection(ProjectConfigurationPlatforms) = postSolution
		{03DDE581-23D1-41AE-BFF7-344E004BA298}.Debug|Any CPU.ActiveCfg = Debug|Any CPU
		{03DDE581-23D1-41AE-BFF7-344E004BA298}.Debug|Any CPU.Build.0 = Debug|Any CPU
		{03DDE581-23D1-41AE-BFF7-344E004BA298}.Release|Any CPU.ActiveCfg = Release|Any CPU
		{03DDE581-23D1-41AE-BFF7-344E004BA298}.Release|Any CPU.Build.0 = Release|Any CPU
	EndGlobalSection
	GlobalSection(SolutionProperties) = preSolution
		HideSolutionNode = FALSE
	EndGlobalSection
	GlobalSection(ExtensibilityGlobals) = postSolution
		SolutionGuid = {7EC70053-F4BB-4326-8638-E119AB2ABB74}
	EndGlobalSection
EndGlobal
